// !$*UTF8*$!
{
	archiveVersion = 1;
	classes = {
	};
	objectVersion = 50;
	objects = {

/* Begin PBXBuildFile section */
		7A2CF47821A8EC5B0055A6CC /* AppDelegate.swift in Sources */ = {isa = PBXBuildFile; fileRef = 7A2CF47721A8EC5B0055A6CC /* AppDelegate.swift */; };
		7A2CF47A21A8EC5B0055A6CC /* ViewController.swift in Sources */ = {isa = PBXBuildFile; fileRef = 7A2CF47921A8EC5B0055A6CC /* ViewController.swift */; };
		7A2CF47D21A8EC5B0055A6CC /* Main.storyboard in Resources */ = {isa = PBXBuildFile; fileRef = 7A2CF47B21A8EC5B0055A6CC /* Main.storyboard */; };
		7A2CF47F21A8EC5D0055A6CC /* Assets.xcassets in Resources */ = {isa = PBXBuildFile; fileRef = 7A2CF47E21A8EC5D0055A6CC /* Assets.xcassets */; };
		7A2CF48221A8EC5D0055A6CC /* LaunchScreen.storyboard in Resources */ = {isa = PBXBuildFile; fileRef = 7A2CF48021A8EC5D0055A6CC /* LaunchScreen.storyboard */; };
		7A2CF48C21A8F04F0055A6CC /* FruitListView.swift in Sources */ = {isa = PBXBuildFile; fileRef = 7A2CF48B21A8F04F0055A6CC /* FruitListView.swift */; };
		7A2CF48F21A8F16B0055A6CC /* FruitModel.swift in Sources */ = {isa = PBXBuildFile; fileRef = 7A2CF48E21A8F16B0055A6CC /* FruitModel.swift */; };
		7A2CF49321A8F20E0055A6CC /* FruitListPresenter.swift in Sources */ = {isa = PBXBuildFile; fileRef = 7A2CF49221A8F20E0055A6CC /* FruitListPresenter.swift */; };
		7A2CF49621A9DB3F0055A6CC /* FruitListPresenterProtocol.swift in Sources */ = {isa = PBXBuildFile; fileRef = 7A2CF49521A9DB3F0055A6CC /* FruitListPresenterProtocol.swift */; };
		7A2CF49921A9E0EE0055A6CC /* FruitListWireframe.swift in Sources */ = {isa = PBXBuildFile; fileRef = 7A2CF49821A9E0EE0055A6CC /* FruitListWireframe.swift */; };
		7A2CF49B21A9E1200055A6CC /* FruitListWireFrameProtocol.swift in Sources */ = {isa = PBXBuildFile; fileRef = 7A2CF49A21A9E1200055A6CC /* FruitListWireFrameProtocol.swift */; };
		7A2CF49E21AA11BD0055A6CC /* FruitListInteractor.swift in Sources */ = {isa = PBXBuildFile; fileRef = 7A2CF49D21AA11BD0055A6CC /* FruitListInteractor.swift */; };
		7A2CF4A021AA11CE0055A6CC /* FruitListInteractorProtocol.swift in Sources */ = {isa = PBXBuildFile; fileRef = 7A2CF49F21AA11CE0055A6CC /* FruitListInteractorProtocol.swift */; };
		7A2CF4A221AA133F0055A6CC /* FruitListViewProtocol.swift in Sources */ = {isa = PBXBuildFile; fileRef = 7A2CF4A121AA133F0055A6CC /* FruitListViewProtocol.swift */; };
		7A2CF4A421AA20C80055A6CC /* FruitTableCell.swift in Sources */ = {isa = PBXBuildFile; fileRef = 7A2CF4A321AA20C80055A6CC /* FruitTableCell.swift */; };
/* End PBXBuildFile section */

/* Begin PBXFileReference section */
		7A2CF47421A8EC5B0055A6CC /* VIPER_DESIGN_PATTERN_EXAMPLE.git.app */ = {isa = PBXFileReference; explicitFileType = wrapper.application; includeInIndex = 0; path = VIPER_DESIGN_PATTERN_EXAMPLE.git.app; sourceTree = BUILT_PRODUCTS_DIR; };
		7A2CF47721A8EC5B0055A6CC /* AppDelegate.swift */ = {isa = PBXFileReference; lastKnownFileType = sourcecode.swift; path = AppDelegate.swift; sourceTree = "<group>"; };
		7A2CF47921A8EC5B0055A6CC /* ViewController.swift */ = {isa = PBXFileReference; lastKnownFileType = sourcecode.swift; path = ViewController.swift; sourceTree = "<group>"; };
		7A2CF47C21A8EC5B0055A6CC /* Base */ = {isa = PBXFileReference; lastKnownFileType = file.storyboard; name = Base; path = Base.lproj/Main.storyboard; sourceTree = "<group>"; };
		7A2CF47E21A8EC5D0055A6CC /* Assets.xcassets */ = {isa = PBXFileReference; lastKnownFileType = folder.assetcatalog; path = Assets.xcassets; sourceTree = "<group>"; };
		7A2CF48121A8EC5D0055A6CC /* Base */ = {isa = PBXFileReference; lastKnownFileType = file.storyboard; name = Base; path = Base.lproj/LaunchScreen.storyboard; sourceTree = "<group>"; };
		7A2CF48321A8EC5D0055A6CC /* Info.plist */ = {isa = PBXFileReference; lastKnownFileType = text.plist.xml; path = Info.plist; sourceTree = "<group>"; };
		7A2CF48B21A8F04F0055A6CC /* FruitListView.swift */ = {isa = PBXFileReference; lastKnownFileType = sourcecode.swift; path = FruitListView.swift; sourceTree = "<group>"; };
		7A2CF48E21A8F16B0055A6CC /* FruitModel.swift */ = {isa = PBXFileReference; lastKnownFileType = sourcecode.swift; path = FruitModel.swift; sourceTree = "<group>"; };
		7A2CF49221A8F20E0055A6CC /* FruitListPresenter.swift */ = {isa = PBXFileReference; lastKnownFileType = sourcecode.swift; path = FruitListPresenter.swift; sourceTree = "<group>"; };
		7A2CF49521A9DB3F0055A6CC /* FruitListPresenterProtocol.swift */ = {isa = PBXFileReference; lastKnownFileType = sourcecode.swift; path = FruitListPresenterProtocol.swift; sourceTree = "<group>"; };
		7A2CF49821A9E0EE0055A6CC /* FruitListWireframe.swift */ = {isa = PBXFileReference; lastKnownFileType = sourcecode.swift; path = FruitListWireframe.swift; sourceTree = "<group>"; };
		7A2CF49A21A9E1200055A6CC /* FruitListWireFrameProtocol.swift */ = {isa = PBXFileReference; lastKnownFileType = sourcecode.swift; path = FruitListWireFrameProtocol.swift; sourceTree = "<group>"; };
		7A2CF49D21AA11BD0055A6CC /* FruitListInteractor.swift */ = {isa = PBXFileReference; lastKnownFileType = sourcecode.swift; path = FruitListInteractor.swift; sourceTree = "<group>"; };
		7A2CF49F21AA11CE0055A6CC /* FruitListInteractorProtocol.swift */ = {isa = PBXFileReference; lastKnownFileType = sourcecode.swift; path = FruitListInteractorProtocol.swift; sourceTree = "<group>"; };
		7A2CF4A121AA133F0055A6CC /* FruitListViewProtocol.swift */ = {isa = PBXFileReference; lastKnownFileType = sourcecode.swift; path = FruitListViewProtocol.swift; sourceTree = "<group>"; };
		7A2CF4A321AA20C80055A6CC /* FruitTableCell.swift */ = {isa = PBXFileReference; lastKnownFileType = sourcecode.swift; path = FruitTableCell.swift; sourceTree = "<group>"; };
/* End PBXFileReference section */

/* Begin PBXFrameworksBuildPhase section */
		7A2CF47121A8EC5B0055A6CC /* Frameworks */ = {
			isa = PBXFrameworksBuildPhase;
			buildActionMask = 2147483647;
			files = (
			);
			runOnlyForDeploymentPostprocessing = 0;
		};
/* End PBXFrameworksBuildPhase section */

/* Begin PBXGroup section */
		7A2CF46B21A8EC5B0055A6CC = {
			isa = PBXGroup;
			children = (
				7A2CF47621A8EC5B0055A6CC /* VIPER_DESIGN_PATTERN_EXAMPLE.git */,
				7A2CF47521A8EC5B0055A6CC /* Products */,
			);
			sourceTree = "<group>";
		};
		7A2CF47521A8EC5B0055A6CC /* Products */ = {
			isa = PBXGroup;
			children = (
				7A2CF47421A8EC5B0055A6CC /* VIPER_DESIGN_PATTERN_EXAMPLE.git.app */,
			);
			name = Products;
			sourceTree = "<group>";
		};
		7A2CF47621A8EC5B0055A6CC /* VIPER_DESIGN_PATTERN_EXAMPLE.git */ = {
			isa = PBXGroup;
			children = (
				7A2CF48921A8ED550055A6CC /* FruitList */,
				7A2CF48A21A8F00F0055A6CC /* FruitDetail */,
				7A2CF47721A8EC5B0055A6CC /* AppDelegate.swift */,
				7A2CF47921A8EC5B0055A6CC /* ViewController.swift */,
				7A2CF47B21A8EC5B0055A6CC /* Main.storyboard */,
				7A2CF47E21A8EC5D0055A6CC /* Assets.xcassets */,
				7A2CF48021A8EC5D0055A6CC /* LaunchScreen.storyboard */,
				7A2CF48321A8EC5D0055A6CC /* Info.plist */,
			);
			path = VIPER_DESIGN_PATTERN_EXAMPLE.git;
			sourceTree = "<group>";
		};
		7A2CF48921A8ED550055A6CC /* FruitList */ = {
			isa = PBXGroup;
			children = (
				7A2CF49C21AA119E0055A6CC /* interactor */,
				7A2CF49721A9E08D0055A6CC /* Wireframe */,
				7A2CF49421A9DB270055A6CC /* Protocols */,
				7A2CF49121A8F1C60055A6CC /* Presenter */,
				7A2CF49021A8F1B20055A6CC /* View */,
				7A2CF48D21A8F1500055A6CC /* Entity */,
			);
			path = FruitList;
			sourceTree = "<group>";
		};
		7A2CF48A21A8F00F0055A6CC /* FruitDetail */ = {
			isa = PBXGroup;
			children = (
			);
			path = FruitDetail;
			sourceTree = "<group>";
		};
		7A2CF48D21A8F1500055A6CC /* Entity */ = {
			isa = PBXGroup;
			children = (
				7A2CF48E21A8F16B0055A6CC /* FruitModel.swift */,
			);
			path = Entity;
			sourceTree = "<group>";
		};
		7A2CF49021A8F1B20055A6CC /* View */ = {
			isa = PBXGroup;
			children = (
				7A2CF48B21A8F04F0055A6CC /* FruitListView.swift */,
				7A2CF4A321AA20C80055A6CC /* FruitTableCell.swift */,
			);
			path = View;
			sourceTree = "<group>";
		};
		7A2CF49121A8F1C60055A6CC /* Presenter */ = {
			isa = PBXGroup;
			children = (
				7A2CF49221A8F20E0055A6CC /* FruitListPresenter.swift */,
			);
			path = Presenter;
			sourceTree = "<group>";
		};
		7A2CF49421A9DB270055A6CC /* Protocols */ = {
			isa = PBXGroup;
			children = (
				7A2CF49521A9DB3F0055A6CC /* FruitListPresenterProtocol.swift */,
				7A2CF49A21A9E1200055A6CC /* FruitListWireFrameProtocol.swift */,
				7A2CF49F21AA11CE0055A6CC /* FruitListInteractorProtocol.swift */,
				7A2CF4A121AA133F0055A6CC /* FruitListViewProtocol.swift */,
			);
			path = Protocols;
			sourceTree = "<group>";
		};
		7A2CF49721A9E08D0055A6CC /* Wireframe */ = {
			isa = PBXGroup;
			children = (
				7A2CF49821A9E0EE0055A6CC /* FruitListWireframe.swift */,
			);
			path = Wireframe;
			sourceTree = "<group>";
		};
		7A2CF49C21AA119E0055A6CC /* interactor */ = {
			isa = PBXGroup;
			children = (
				7A2CF49D21AA11BD0055A6CC /* FruitListInteractor.swift */,
			);
			path = interactor;
			sourceTree = "<group>";
		};
/* End PBXGroup section */

/* Begin PBXNativeTarget section */
		7A2CF47321A8EC5B0055A6CC /* VIPER_DESIGN_PATTERN_EXAMPLE.git */ = {
			isa = PBXNativeTarget;
			buildConfigurationList = 7A2CF48621A8EC5D0055A6CC /* Build configuration list for PBXNativeTarget "VIPER_DESIGN_PATTERN_EXAMPLE.git" */;
			buildPhases = (
				7A2CF47021A8EC5B0055A6CC /* Sources */,
				7A2CF47121A8EC5B0055A6CC /* Frameworks */,
				7A2CF47221A8EC5B0055A6CC /* Resources */,
			);
			buildRules = (
			);
			dependencies = (
			);
			name = VIPER_DESIGN_PATTERN_EXAMPLE.git;
			productName = VIPER_DESIGN_PATTERN_EXAMPLE.git;
			productReference = 7A2CF47421A8EC5B0055A6CC /* VIPER_DESIGN_PATTERN_EXAMPLE.git.app */;
			productType = "com.apple.product-type.application";
		};
/* End PBXNativeTarget section */

/* Begin PBXProject section */
		7A2CF46C21A8EC5B0055A6CC /* Project object */ = {
			isa = PBXProject;
			attributes = {
				LastSwiftUpdateCheck = 0940;
				LastUpgradeCheck = 0940;
				ORGANIZATIONNAME = jackson;
				TargetAttributes = {
					7A2CF47321A8EC5B0055A6CC = {
						CreatedOnToolsVersion = 9.4.1;
					};
				};
			};
			buildConfigurationList = 7A2CF46F21A8EC5B0055A6CC /* Build configuration list for PBXProject "VIPER_DESIGN_PATTERN_EXAMPLE.git" */;
			compatibilityVersion = "Xcode 9.3";
			developmentRegion = en;
			hasScannedForEncodings = 0;
			knownRegions = (
				en,
				Base,
			);
			mainGroup = 7A2CF46B21A8EC5B0055A6CC;
			productRefGroup = 7A2CF47521A8EC5B0055A6CC /* Products */;
			projectDirPath = "";
			projectRoot = "";
			targets = (
				7A2CF47321A8EC5B0055A6CC /* VIPER_DESIGN_PATTERN_EXAMPLE.git */,
			);
		};
/* End PBXProject section */

/* Begin PBXResourcesBuildPhase section */
		7A2CF47221A8EC5B0055A6CC /* Resources */ = {
			isa = PBXResourcesBuildPhase;
			buildActionMask = 2147483647;
			files = (
				7A2CF48221A8EC5D0055A6CC /* LaunchScreen.storyboard in Resources */,
				7A2CF47F21A8EC5D0055A6CC /* Assets.xcassets in Resources */,
				7A2CF47D21A8EC5B0055A6CC /* Main.storyboard in Resources */,
			);
			runOnlyForDeploymentPostprocessing = 0;
		};
/* End PBXResourcesBuildPhase section */

/* Begin PBXSourcesBuildPhase section */
		7A2CF47021A8EC5B0055A6CC /* Sources */ = {
			isa = PBXSourcesBuildPhase;
			buildActionMask = 2147483647;
			files = (
				7A2CF48F21A8F16B0055A6CC /* FruitModel.swift in Sources */,
				7A2CF49921A9E0EE0055A6CC /* FruitListWireframe.swift in Sources */,
				7A2CF49B21A9E1200055A6CC /* FruitListWireFrameProtocol.swift in Sources */,
				7A2CF49321A8F20E0055A6CC /* FruitListPresenter.swift in Sources */,
				7A2CF4A221AA133F0055A6CC /* FruitListViewProtocol.swift in Sources */,
				7A2CF49621A9DB3F0055A6CC /* FruitListPresenterProtocol.swift in Sources */,
				7A2CF49E21AA11BD0055A6CC /* FruitListInteractor.swift in Sources */,
				7A2CF4A421AA20C80055A6CC /* FruitTableCell.swift in Sources */,
				7A2CF47A21A8EC5B0055A6CC /* ViewController.swift in Sources */,
				7A2CF48C21A8F04F0055A6CC /* FruitListView.swift in Sources */,
				7A2CF47821A8EC5B0055A6CC /* AppDelegate.swift in Sources */,
				7A2CF4A021AA11CE0055A6CC /* FruitListInteractorProtocol.swift in Sources */,
			);
			runOnlyForDeploymentPostprocessing = 0;
		};
/* End PBXSourcesBuildPhase section */

/* Begin PBXVariantGroup section */
		7A2CF47B21A8EC5B0055A6CC /* Main.storyboard */ = {
			isa = PBXVariantGroup;
			children = (
				7A2CF47C21A8EC5B0055A6CC /* Base */,
			);
			name = Main.storyboard;
			sourceTree = "<group>";
		};
		7A2CF48021A8EC5D0055A6CC /* LaunchScreen.storyboard */ = {
			isa = PBXVariantGroup;
			children = (
				7A2CF48121A8EC5D0055A6CC /* Base */,
			);
			name = LaunchScreen.storyboard;
			sourceTree = "<group>";
		};
/* End PBXVariantGroup section */

/* Begin XCBuildConfiguration section */
		7A2CF48421A8EC5D0055A6CC /* Debug */ = {
			isa = XCBuildConfiguration;
			buildSettings = {
				ALWAYS_SEARCH_USER_PATHS = NO;
				CLANG_ANALYZER_NONNULL = YES;
				CLANG_ANALYZER_NUMBER_OBJECT_CONVERSION = YES_AGGRESSIVE;
				CLANG_CXX_LANGUAGE_STANDARD = "gnu++14";
				CLANG_CXX_LIBRARY = "libc++";
				CLANG_ENABLE_MODULES = YES;
				CLANG_ENABLE_OBJC_ARC = YES;
				CLANG_ENABLE_OBJC_WEAK = YES;
				CLANG_WARN_BLOCK_CAPTURE_AUTORELEASING = YES;
				CLANG_WARN_BOOL_CONVERSION = YES;
				CLANG_WARN_COMMA = YES;
				CLANG_WARN_CONSTANT_CONVERSION = YES;
				CLANG_WARN_DEPRECATED_OBJC_IMPLEMENTATIONS = YES;
				CLANG_WARN_DIRECT_OBJC_ISA_USAGE = YES_ERROR;
				CLANG_WARN_DOCUMENTATION_COMMENTS = YES;
				CLANG_WARN_EMPTY_BODY = YES;
				CLANG_WARN_ENUM_CONVERSION = YES;
				CLANG_WARN_INFINITE_RECURSION = YES;
				CLANG_WARN_INT_CONVERSION = YES;
				CLANG_WARN_NON_LITERAL_NULL_CONVERSION = YES;
				CLANG_WARN_OBJC_IMPLICIT_RETAIN_SELF = YES;
				CLANG_WARN_OBJC_LITERAL_CONVERSION = YES;
				CLANG_WARN_OBJC_ROOT_CLASS = YES_ERROR;
				CLANG_WARN_RANGE_LOOP_ANALYSIS = YES;
				CLANG_WARN_STRICT_PROTOTYPES = YES;
				CLANG_WARN_SUSPICIOUS_MOVE = YES;
				CLANG_WARN_UNGUARDED_AVAILABILITY = YES_AGGRESSIVE;
				CLANG_WARN_UNREACHABLE_CODE = YES;
				CLANG_WARN__DUPLICATE_METHOD_MATCH = YES;
				CODE_SIGN_IDENTITY = "iPhone Developer";
				COPY_PHASE_STRIP = NO;
				DEBUG_INFORMATION_FORMAT = dwarf;
				ENABLE_STRICT_OBJC_MSGSEND = YES;
				ENABLE_TESTABILITY = YES;
				GCC_C_LANGUAGE_STANDARD = gnu11;
				GCC_DYNAMIC_NO_PIC = NO;
				GCC_NO_COMMON_BLOCKS = YES;
				GCC_OPTIMIZATION_LEVEL = 0;
				GCC_PREPROCESSOR_DEFINITIONS = (
					"DEBUG=1",
					"$(inherited)",
				);
				GCC_WARN_64_TO_32_BIT_CONVERSION = YES;
				GCC_WARN_ABOUT_RETURN_TYPE = YES_ERROR;
				GCC_WARN_UNDECLARED_SELECTOR = YES;
				GCC_WARN_UNINITIALIZED_AUTOS = YES_AGGRESSIVE;
				GCC_WARN_UNUSED_FUNCTION = YES;
				GCC_WARN_UNUSED_VARIABLE = YES;
				IPHONEOS_DEPLOYMENT_TARGET = 11.4;
				MTL_ENABLE_DEBUG_INFO = YES;
				ONLY_ACTIVE_ARCH = YES;
				SDKROOT = iphoneos;
				SWIFT_ACTIVE_COMPILATION_CONDITIONS = DEBUG;
				SWIFT_OPTIMIZATION_LEVEL = "-Onone";
			};
			name = Debug;
		};
		7A2CF48521A8EC5D0055A6CC /* Release */ = {
			isa = XCBuildConfiguration;
			buildSettings = {
				ALWAYS_SEARCH_USER_PATHS = NO;
				CLANG_ANALYZER_NONNULL = YES;
				CLANG_ANALYZER_NUMBER_OBJECT_CONVERSION = YES_AGGRESSIVE;
				CLANG_CXX_LANGUAGE_STANDARD = "gnu++14";
				CLANG_CXX_LIBRARY = "libc++";
				CLANG_ENABLE_MODULES = YES;
				CLANG_ENABLE_OBJC_ARC = YES;
				CLANG_ENABLE_OBJC_WEAK = YES;
				CLANG_WARN_BLOCK_CAPTURE_AUTORELEASING = YES;
				CLANG_WARN_BOOL_CONVERSION = YES;
				CLANG_WARN_COMMA = YES;
				CLANG_WARN_CONSTANT_CONVERSION = YES;
				CLANG_WARN_DEPRECATED_OBJC_IMPLEMENTATIONS = YES;
				CLANG_WARN_DIRECT_OBJC_ISA_USAGE = YES_ERROR;
				CLANG_WARN_DOCUMENTATION_COMMENTS = YES;
				CLANG_WARN_EMPTY_BODY = YES;
				CLANG_WARN_ENUM_CONVERSION = YES;
				CLANG_WARN_INFINITE_RECURSION = YES;
				CLANG_WARN_INT_CONVERSION = YES;
				CLANG_WARN_NON_LITERAL_NULL_CONVERSION = YES;
				CLANG_WARN_OBJC_IMPLICIT_RETAIN_SELF = YES;
				CLANG_WARN_OBJC_LITERAL_CONVERSION = YES;
				CLANG_WARN_OBJC_ROOT_CLASS = YES_ERROR;
				CLANG_WARN_RANGE_LOOP_ANALYSIS = YES;
				CLANG_WARN_STRICT_PROTOTYPES = YES;
				CLANG_WARN_SUSPICIOUS_MOVE = YES;
				CLANG_WARN_UNGUARDED_AVAILABILITY = YES_AGGRESSIVE;
				CLANG_WARN_UNREACHABLE_CODE = YES;
				CLANG_WARN__DUPLICATE_METHOD_MATCH = YES;
				CODE_SIGN_IDENTITY = "iPhone Developer";
				COPY_PHASE_STRIP = NO;
				DEBUG_INFORMATION_FORMAT = "dwarf-with-dsym";
				ENABLE_NS_ASSERTIONS = NO;
				ENABLE_STRICT_OBJC_MSGSEND = YES;
				GCC_C_LANGUAGE_STANDARD = gnu11;
				GCC_NO_COMMON_BLOCKS = YES;
				GCC_WARN_64_TO_32_BIT_CONVERSION = YES;
				GCC_WARN_ABOUT_RETURN_TYPE = YES_ERROR;
				GCC_WARN_UNDECLARED_SELECTOR = YES;
				GCC_WARN_UNINITIALIZED_AUTOS = YES_AGGRESSIVE;
				GCC_WARN_UNUSED_FUNCTION = YES;
				GCC_WARN_UNUSED_VARIABLE = YES;
				IPHONEOS_DEPLOYMENT_TARGET = 11.4;
				MTL_ENABLE_DEBUG_INFO = NO;
				SDKROOT = iphoneos;
				SWIFT_COMPILATION_MODE = wholemodule;
				SWIFT_OPTIMIZATION_LEVEL = "-O";
				VALIDATE_PRODUCT = YES;
			};
			name = Release;
		};
		7A2CF48721A8EC5D0055A6CC /* Debug */ = {
			isa = XCBuildConfiguration;
			buildSettings = {
				ASSETCATALOG_COMPILER_APPICON_NAME = AppIcon;
				CODE_SIGN_STYLE = Automatic;
				DEVELOPMENT_TEAM = RMB6QE6U8Z;
				INFOPLIST_FILE = VIPER_DESIGN_PATTERN_EXAMPLE.git/Info.plist;
				LD_RUNPATH_SEARCH_PATHS = (
					"$(inherited)",
					"@executable_path/Frameworks",
				);
				PRODUCT_BUNDLE_IDENTIFIER = "com.jackson.VIPER-DESIGN-PATTERN-EXAMPLE-git";
				PRODUCT_NAME = "$(TARGET_NAME)";
				SWIFT_VERSION = 4.0;
				TARGETED_DEVICE_FAMILY = "1,2";
			};
			name = Debug;
		};
		7A2CF48821A8EC5D0055A6CC /* Release */ = {
			isa = XCBuildConfiguration;
			buildSettings = {
				ASSETCATALOG_COMPILER_APPICON_NAME = AppIcon;
				CODE_SIGN_STYLE = Automatic;
				DEVELOPMENT_TEAM = RMB6QE6U8Z;
				INFOPLIST_FILE = VIPER_DESIGN_PATTERN_EXAMPLE.git/Info.plist;
				LD_RUNPATH_SEARCH_PATHS = (
					"$(inherited)",
					"@executable_path/Frameworks",
				);
				PRODUCT_BUNDLE_IDENTIFIER = "com.jackson.VIPER-DESIGN-PATTERN-EXAMPLE-git";
				PRODUCT_NAME = "$(TARGET_NAME)";
				SWIFT_VERSION = 4.0;
				TARGETED_DEVICE_FAMILY = "1,2";
			};
			name = Release;
		};
/* End XCBuildConfiguration section */

/* Begin XCConfigurationList section */
		7A2CF46F21A8EC5B0055A6CC /* Build configuration list for PBXProject "VIPER_DESIGN_PATTERN_EXAMPLE.git" */ = {
			isa = XCConfigurationList;
			buildConfigurations = (
				7A2CF48421A8EC5D0055A6CC /* Debug */,
				7A2CF48521A8EC5D0055A6CC /* Release */,
			);
			defaultConfigurationIsVisible = 0;
			defaultConfigurationName = Release;
		};
		7A2CF48621A8EC5D0055A6CC /* Build configuration list for PBXNativeTarget "VIPER_DESIGN_PATTERN_EXAMPLE.git" */ = {
			isa = XCConfigurationList;
			buildConfigurations = (
				7A2CF48721A8EC5D0055A6CC /* Debug */,
				7A2CF48821A8EC5D0055A6CC /* Release */,
			);
			defaultConfigurationIsVisible = 0;
			defaultConfigurationName = Release;
		};
/* End XCConfigurationList section */
	};
	rootObject = 7A2CF46C21A8EC5B0055A6CC /* Project object */;
}
